
Microsoft Visual Studio Solution File, Format Version 12.00
# Visual Studio Version 17
VisualStudioVersion = 17.4.33110.190
MinimumVisualStudioVersion = 10.0.40219.1
Project("{9A19103F-16F7-4668-BE54-9A1E7A4F7556}") = "JitSwap.Blazor", "JitSwap.Blazor\JitSwap.Blazor.csproj", "{63528391-7959-46AC-91BA-64A35C472D7A}"
EndProject
Global
	GlobalSection(SolutionConfigurationPlatforms) = preSolution
		Debug|Any CPU = Debug|Any CPU
		Release|Any CPU = Release|Any CPU
	EndGlobalSection
	GlobalSection(ProjectConfigurationPlatforms) = postSolution
		{63528391-7959-46AC-91BA-64A35C472D7A}.Debug|Any CPU.ActiveCfg = Debug|Any CPU
		{63528391-7959-46AC-91BA-64A35C472D7A}.Debug|Any CPU.Build.0 = Debug|Any CPU
		{63528391-7959-46AC-91BA-64A35C472D7A}.Release|Any CPU.ActiveCfg = Release|Any CPU
		{63528391-7959-46AC-91BA-64A35C472D7A}.Release|Any CPU.Build.0 = Release|Any CPU
	EndGlobalSection
	GlobalSection(SolutionProperties) = preSolution
		HideSolutionNode = FALSE
	EndGlobalSection
	GlobalSection(ExtensibilityGlobals) = postSolution
		SolutionGuid = {28A08404-50C6-424D-AA62-4FF5D77AF69B}
	EndGlobalSection
EndGlobal
